
Microsoft Visual Studio Solution File, Format Version 12.00
Project("{FAE04EC0-301F-11D3-BF4B-00C04F79EFBC}") = "GetServicesByInterface", "GetServicesByInterface\GetServicesByInterface.csproj", "{CF2560A4-D518-43AA-A0AD-8D6E859C2667}"
EndProject
Global
	GlobalSection(SolutionConfigurationPlatforms) = preSolution
		Debug|Any CPU = Debug|Any CPU
		Release|Any CPU = Release|Any CPU
	EndGlobalSection
	GlobalSection(ProjectConfigurationPlatforms) = postSolution
		{CF2560A4-D518-43AA-A0AD-8D6E859C2667}.Debug|Any CPU.ActiveCfg = Debug|Any CPU
		{CF2560A4-D518-43AA-A0AD-8D6E859C2667}.Debug|Any CPU.Build.0 = Debug|Any CPU
		{CF2560A4-D518-43AA-A0AD-8D6E859C2667}.Release|Any CPU.ActiveCfg = Release|Any CPU
		{CF2560A4-D518-43AA-A0AD-8D6E859C2667}.Release|Any CPU.Build.0 = Release|Any CPU
	EndGlobalSection
EndGlobal
